
Microsoft Visual Studio Solution File, Format Version 12.00
# Visual Studio Version 17
VisualStudioVersion = 17.3.32901.215
MinimumVisualStudioVersion = 10.0.40219.1
Project("{9A19103F-16F7-4668-BE54-9A1E7A4F7556}") = "rotationMatrix", "rotationMatrix\rotationMatrix.csproj", "{4818D7D8-B4D5-435C-B1F9-F45B9F901010}"
EndProject
Project("{54435603-DBB4-11D2-8724-00A0C9A8B90C}") = "RTSetup", "RTSetup\RTSetup.vdproj", "{C76D2DA6-F651-4DED-B364-F4F9EAB7C2B7}"
EndProject
Global
	GlobalSection(SolutionConfigurationPlatforms) = preSolution
		Debug|Any CPU = Debug|Any CPU
		Release|Any CPU = Release|Any CPU
	EndGlobalSection
	GlobalSection(ProjectConfigurationPlatforms) = postSolution
		{4818D7D8-B4D5-435C-B1F9-F45B9F901010}.Debug|Any CPU.ActiveCfg = Debug|Any CPU
		{4818D7D8-B4D5-435C-B1F9-F45B9F901010}.Debug|Any CPU.Build.0 = Debug|Any CPU
		{4818D7D8-B4D5-435C-B1F9-F45B9F901010}.Release|Any CPU.ActiveCfg = Release|Any CPU
		{4818D7D8-B4D5-435C-B1F9-F45B9F901010}.Release|Any CPU.Build.0 = Release|Any CPU
		{C76D2DA6-F651-4DED-B364-F4F9EAB7C2B7}.Debug|Any CPU.ActiveCfg = Debug
		{C76D2DA6-F651-4DED-B364-F4F9EAB7C2B7}.Release|Any CPU.ActiveCfg = Release
	EndGlobalSection
	GlobalSection(SolutionProperties) = preSolution
		HideSolutionNode = FALSE
	EndGlobalSection
	GlobalSection(ExtensibilityGlobals) = postSolution
		SolutionGuid = {BC48DA3D-2F5F-4E3C-B9B3-0CE183ACBD6F}
	EndGlobalSection
EndGlobal
